// !$*UTF8*$!
{
	archiveVersion = 1;
	classes = {
	};
	objectVersion = 50;
	objects = {

/* Begin PBXBuildFile section */
		F2A1D8AF20CA827B00843E2E /* AppDelegate.swift in Sources */ = {isa = PBXBuildFile; fileRef = F2A1D8AE20CA827B00843E2E /* AppDelegate.swift */; };
		F2A1D8B120CA827B00843E2E /* ViewController.swift in Sources */ = {isa = PBXBuildFile; fileRef = F2A1D8B020CA827B00843E2E /* ViewController.swift */; };
		F2A1D8B420CA827B00843E2E /* Main.storyboard in Resources */ = {isa = PBXBuildFile; fileRef = F2A1D8B220CA827B00843E2E /* Main.storyboard */; };
		F2A1D8B620CA827D00843E2E /* Assets.xcassets in Resources */ = {isa = PBXBuildFile; fileRef = F2A1D8B520CA827D00843E2E /* Assets.xcassets */; };
		F2A1D8B920CA827D00843E2E /* LaunchScreen.storyboard in Resources */ = {isa = PBXBuildFile; fileRef = F2A1D8B720CA827D00843E2E /* LaunchScreen.storyboard */; };
		F2A1D8C420CA82B900843E2E /* XYCyclePageFlowLayout.swift in Sources */ = {isa = PBXBuildFile; fileRef = F2A1D8C120CA82B900843E2E /* XYCyclePageFlowLayout.swift */; };
		F2A1D8C520CA82B900843E2E /* PageCollectionViewCell.swift in Sources */ = {isa = PBXBuildFile; fileRef = F2A1D8C220CA82B900843E2E /* PageCollectionViewCell.swift */; };
		F2A1D8C620CA82B900843E2E /* XYCyclePageView.swift in Sources */ = {isa = PBXBuildFile; fileRef = F2A1D8C320CA82B900843E2E /* XYCyclePageView.swift */; };
		F2A1D8CA20CA84B300843E2E /* 生鲜果蔬.png in Resources */ = {isa = PBXBuildFile; fileRef = F2A1D8C720CA84B300843E2E /* 生鲜果蔬.png */; };
		F2A1D8CB20CA84B300843E2E /* 居家花艺.png in Resources */ = {isa = PBXBuildFile; fileRef = F2A1D8C820CA84B300843E2E /* 居家花艺.png */; };
		F2A1D8CC20CA84B300843E2E /* 邻里美厨.png in Resources */ = {isa = PBXBuildFile; fileRef = F2A1D8C920CA84B300843E2E /* 邻里美厨.png */; };
/* End PBXBuildFile section */

/* Begin PBXFileReference section */
		F2A1D8AB20CA827B00843E2E /* XYCyclePagerView.app */ = {isa = PBXFileReference; explicitFileType = wrapper.application; includeInIndex = 0; path = XYCyclePagerView.app; sourceTree = BUILT_PRODUCTS_DIR; };
		F2A1D8AE20CA827B00843E2E /* AppDelegate.swift */ = {isa = PBXFileReference; lastKnownFileType = sourcecode.swift; path = AppDelegate.swift; sourceTree = "<group>"; };
		F2A1D8B020CA827B00843E2E /* ViewController.swift */ = {isa = PBXFileReference; lastKnownFileType = sourcecode.swift; path = ViewController.swift; sourceTree = "<group>"; };
		F2A1D8B320CA827B00843E2E /* Base */ = {isa = PBXFileReference; lastKnownFileType = file.storyboard; name = Base; path = Base.lproj/Main.storyboard; sourceTree = "<group>"; };
		F2A1D8B520CA827D00843E2E /* Assets.xcassets */ = {isa = PBXFileReference; lastKnownFileType = folder.assetcatalog; path = Assets.xcassets; sourceTree = "<group>"; };
		F2A1D8B820CA827D00843E2E /* Base */ = {isa = PBXFileReference; lastKnownFileType = file.storyboard; name = Base; path = Base.lproj/LaunchScreen.storyboard; sourceTree = "<group>"; };
		F2A1D8BA20CA827D00843E2E /* Info.plist */ = {isa = PBXFileReference; lastKnownFileType = text.plist.xml; path = Info.plist; sourceTree = "<group>"; };
		F2A1D8C120CA82B900843E2E /* XYCyclePageFlowLayout.swift */ = {isa = PBXFileReference; fileEncoding = 4; lastKnownFileType = sourcecode.swift; path = XYCyclePageFlowLayout.swift; sourceTree = "<group>"; };
		F2A1D8C220CA82B900843E2E /* PageCollectionViewCell.swift */ = {isa = PBXFileReference; fileEncoding = 4; lastKnownFileType = sourcecode.swift; path = PageCollectionViewCell.swift; sourceTree = "<group>"; };
		F2A1D8C320CA82B900843E2E /* XYCyclePageView.swift */ = {isa = PBXFileReference; fileEncoding = 4; lastKnownFileType = sourcecode.swift; path = XYCyclePageView.swift; sourceTree = "<group>"; };
		F2A1D8C720CA84B300843E2E /* 生鲜果蔬.png */ = {isa = PBXFileReference; lastKnownFileType = image.png; path = "生鲜果蔬.png"; sourceTree = "<group>"; };
		F2A1D8C820CA84B300843E2E /* 居家花艺.png */ = {isa = PBXFileReference; lastKnownFileType = image.png; path = "居家花艺.png"; sourceTree = "<group>"; };
		F2A1D8C920CA84B300843E2E /* 邻里美厨.png */ = {isa = PBXFileReference; lastKnownFileType = image.png; path = "邻里美厨.png"; sourceTree = "<group>"; };
/* End PBXFileReference section */

/* Begin PBXFrameworksBuildPhase section */
		F2A1D8A820CA827B00843E2E /* Frameworks */ = {
			isa = PBXFrameworksBuildPhase;
			buildActionMask = 2147483647;
			files = (
			);
			runOnlyForDeploymentPostprocessing = 0;
		};
/* End PBXFrameworksBuildPhase section */

/* Begin PBXGroup section */
		F2A1D8A220CA827B00843E2E = {
			isa = PBXGroup;
			children = (
				F2A1D8AD20CA827B00843E2E /* XYCyclePagerView */,
				F2A1D8AC20CA827B00843E2E /* Products */,
			);
			sourceTree = "<group>";
		};
		F2A1D8AC20CA827B00843E2E /* Products */ = {
			isa = PBXGroup;
			children = (
				F2A1D8AB20CA827B00843E2E /* XYCyclePagerView.app */,
			);
			name = Products;
			sourceTree = "<group>";
		};
		F2A1D8AD20CA827B00843E2E /* XYCyclePagerView */ = {
			isa = PBXGroup;
			children = (
				F2A1D8C020CA829F00843E2E /* Class */,
				F2A1D8AE20CA827B00843E2E /* AppDelegate.swift */,
				F2A1D8B020CA827B00843E2E /* ViewController.swift */,
				F2A1D8C820CA84B300843E2E /* 居家花艺.png */,
				F2A1D8C920CA84B300843E2E /* 邻里美厨.png */,
				F2A1D8C720CA84B300843E2E /* 生鲜果蔬.png */,
				F2A1D8B220CA827B00843E2E /* Main.storyboard */,
				F2A1D8B520CA827D00843E2E /* Assets.xcassets */,
				F2A1D8B720CA827D00843E2E /* LaunchScreen.storyboard */,
				F2A1D8BA20CA827D00843E2E /* Info.plist */,
			);
			path = XYCyclePagerView;
			sourceTree = "<group>";
		};
		F2A1D8C020CA829F00843E2E /* Class */ = {
			isa = PBXGroup;
			children = (
				F2A1D8C220CA82B900843E2E /* PageCollectionViewCell.swift */,
				F2A1D8C120CA82B900843E2E /* XYCyclePageFlowLayout.swift */,
				F2A1D8C320CA82B900843E2E /* XYCyclePageView.swift */,
			);
			path = Class;
			sourceTree = "<group>";
		};
/* End PBXGroup section */

/* Begin PBXNativeTarget section */
		F2A1D8AA20CA827B00843E2E /* XYCyclePagerView */ = {
			isa = PBXNativeTarget;
			buildConfigurationList = F2A1D8BD20CA827D00843E2E /* Build configuration list for PBXNativeTarget "XYCyclePagerView" */;
			buildPhases = (
				F2A1D8A720CA827B00843E2E /* Sources */,
				F2A1D8A820CA827B00843E2E /* Frameworks */,
				F2A1D8A920CA827B00843E2E /* Resources */,
			);
			buildRules = (
			);
			dependencies = (
			);
			name = XYCyclePagerView;
			productName = XYCyclePagerView;
			productReference = F2A1D8AB20CA827B00843E2E /* XYCyclePagerView.app */;
			productType = "com.apple.product-type.application";
		};
/* End PBXNativeTarget section */

/* Begin PBXProject section */
		F2A1D8A320CA827B00843E2E /* Project object */ = {
			isa = PBXProject;
			attributes = {
				LastSwiftUpdateCheck = 0940;
				LastUpgradeCheck = 0940;
				ORGANIZATIONNAME = xieqilin;
				TargetAttributes = {
					F2A1D8AA20CA827B00843E2E = {
						CreatedOnToolsVersion = 9.4;
					};
				};
			};
			buildConfigurationList = F2A1D8A620CA827B00843E2E /* Build configuration list for PBXProject "XYCyclePagerView" */;
			compatibilityVersion = "Xcode 9.3";
			developmentRegion = en;
			hasScannedForEncodings = 0;
			knownRegions = (
				en,
				Base,
			);
			mainGroup = F2A1D8A220CA827B00843E2E;
			productRefGroup = F2A1D8AC20CA827B00843E2E /* Products */;
			projectDirPath = "";
			projectRoot = "";
			targets = (
				F2A1D8AA20CA827B00843E2E /* XYCyclePagerView */,
			);
		};
/* End PBXProject section */

/* Begin PBXResourcesBuildPhase section */
		F2A1D8A920CA827B00843E2E /* Resources */ = {
			isa = PBXResourcesBuildPhase;
			buildActionMask = 2147483647;
			files = (
				F2A1D8CC20CA84B300843E2E /* 邻里美厨.png in Resources */,
				F2A1D8CB20CA84B300843E2E /* 居家花艺.png in Resources */,
				F2A1D8B920CA827D00843E2E /* LaunchScreen.storyboard in Resources */,
				F2A1D8B620CA827D00843E2E /* Assets.xcassets in Resources */,
				F2A1D8CA20CA84B300843E2E /* 生鲜果蔬.png in Resources */,
				F2A1D8B420CA827B00843E2E /* Main.storyboard in Resources */,
			);
			runOnlyForDeploymentPostprocessing = 0;
		};
/* End PBXResourcesBuildPhase section */

/* Begin PBXSourcesBuildPhase section */
		F2A1D8A720CA827B00843E2E /* Sources */ = {
			isa = PBXSourcesBuildPhase;
			buildActionMask = 2147483647;
			files = (
				F2A1D8C620CA82B900843E2E /* XYCyclePageView.swift in Sources */,
				F2A1D8B120CA827B00843E2E /* ViewController.swift in Sources */,
				F2A1D8AF20CA827B00843E2E /* AppDelegate.swift in Sources */,
				F2A1D8C420CA82B900843E2E /* XYCyclePageFlowLayout.swift in Sources */,
				F2A1D8C520CA82B900843E2E /* PageCollectionViewCell.swift in Sources */,
			);
			runOnlyForDeploymentPostprocessing = 0;
		};
/* End PBXSourcesBuildPhase section */

/* Begin PBXVariantGroup section */
		F2A1D8B220CA827B00843E2E /* Main.storyboard */ = {
			isa = PBXVariantGroup;
			children = (
				F2A1D8B320CA827B00843E2E /* Base */,
			);
			name = Main.storyboard;
			sourceTree = "<group>";
		};
		F2A1D8B720CA827D00843E2E /* LaunchScreen.storyboard */ = {
			isa = PBXVariantGroup;
			children = (
				F2A1D8B820CA827D00843E2E /* Base */,
			);
			name = LaunchScreen.storyboard;
			sourceTree = "<group>";
		};
/* End PBXVariantGroup section */

/* Begin XCBuildConfiguration section */
		F2A1D8BB20CA827D00843E2E /* Debug */ = {
			isa = XCBuildConfiguration;
			buildSettings = {
				ALWAYS_SEARCH_USER_PATHS = NO;
				CLANG_ANALYZER_NONNULL = YES;
				CLANG_ANALYZER_NUMBER_OBJECT_CONVERSION = YES_AGGRESSIVE;
				CLANG_CXX_LANGUAGE_STANDARD = "gnu++14";
				CLANG_CXX_LIBRARY = "libc++";
				CLANG_ENABLE_MODULES = YES;
				CLANG_ENABLE_OBJC_ARC = YES;
				CLANG_ENABLE_OBJC_WEAK = YES;
				CLANG_WARN_BLOCK_CAPTURE_AUTORELEASING = YES;
				CLANG_WARN_BOOL_CONVERSION = YES;
				CLANG_WARN_COMMA = YES;
				CLANG_WARN_CONSTANT_CONVERSION = YES;
				CLANG_WARN_DEPRECATED_OBJC_IMPLEMENTATIONS = YES;
				CLANG_WARN_DIRECT_OBJC_ISA_USAGE = YES_ERROR;
				CLANG_WARN_DOCUMENTATION_COMMENTS = YES;
				CLANG_WARN_EMPTY_BODY = YES;
				CLANG_WARN_ENUM_CONVERSION = YES;
				CLANG_WARN_INFINITE_RECURSION = YES;
				CLANG_WARN_INT_CONVERSION = YES;
				CLANG_WARN_NON_LITERAL_NULL_CONVERSION = YES;
				CLANG_WARN_OBJC_IMPLICIT_RETAIN_SELF = YES;
				CLANG_WARN_OBJC_LITERAL_CONVERSION = YES;
				CLANG_WARN_OBJC_ROOT_CLASS = YES_ERROR;
				CLANG_WARN_RANGE_LOOP_ANALYSIS = YES;
				CLANG_WARN_STRICT_PROTOTYPES = YES;
				CLANG_WARN_SUSPICIOUS_MOVE = YES;
				CLANG_WARN_UNGUARDED_AVAILABILITY = YES_AGGRESSIVE;
				CLANG_WARN_UNREACHABLE_CODE = YES;
				CLANG_WARN__DUPLICATE_METHOD_MATCH = YES;
				CODE_SIGN_IDENTITY = "iPhone Developer";
				COPY_PHASE_STRIP = NO;
				DEBUG_INFORMATION_FORMAT = dwarf;
				ENABLE_STRICT_OBJC_MSGSEND = YES;
				ENABLE_TESTABILITY = YES;
				GCC_C_LANGUAGE_STANDARD = gnu11;
				GCC_DYNAMIC_NO_PIC = NO;
				GCC_NO_COMMON_BLOCKS = YES;
				GCC_OPTIMIZATION_LEVEL = 0;
				GCC_PREPROCESSOR_DEFINITIONS = (
					"DEBUG=1",
					"$(inherited)",
				);
				GCC_WARN_64_TO_32_BIT_CONVERSION = YES;
				GCC_WARN_ABOUT_RETURN_TYPE = YES_ERROR;
				GCC_WARN_UNDECLARED_SELECTOR = YES;
				GCC_WARN_UNINITIALIZED_AUTOS = YES_AGGRESSIVE;
				GCC_WARN_UNUSED_FUNCTION = YES;
				GCC_WARN_UNUSED_VARIABLE = YES;
				IPHONEOS_DEPLOYMENT_TARGET = 11.4;
				MTL_ENABLE_DEBUG_INFO = YES;
				ONLY_ACTIVE_ARCH = YES;
				SDKROOT = iphoneos;
				SWIFT_ACTIVE_COMPILATION_CONDITIONS = DEBUG;
				SWIFT_OPTIMIZATION_LEVEL = "-Onone";
			};
			name = Debug;
		};
		F2A1D8BC20CA827D00843E2E /* Release */ = {
			isa = XCBuildConfiguration;
			buildSettings = {
				ALWAYS_SEARCH_USER_PATHS = NO;
				CLANG_ANALYZER_NONNULL = YES;
				CLANG_ANALYZER_NUMBER_OBJECT_CONVERSION = YES_AGGRESSIVE;
				CLANG_CXX_LANGUAGE_STANDARD = "gnu++14";
				CLANG_CXX_LIBRARY = "libc++";
				CLANG_ENABLE_MODULES = YES;
				CLANG_ENABLE_OBJC_ARC = YES;
				CLANG_ENABLE_OBJC_WEAK = YES;
				CLANG_WARN_BLOCK_CAPTURE_AUTORELEASING = YES;
				CLANG_WARN_BOOL_CONVERSION = YES;
				CLANG_WARN_COMMA = YES;
				CLANG_WARN_CONSTANT_CONVERSION = YES;
				CLANG_WARN_DEPRECATED_OBJC_IMPLEMENTATIONS = YES;
				CLANG_WARN_DIRECT_OBJC_ISA_USAGE = YES_ERROR;
				CLANG_WARN_DOCUMENTATION_COMMENTS = YES;
				CLANG_WARN_EMPTY_BODY = YES;
				CLANG_WARN_ENUM_CONVERSION = YES;
				CLANG_WARN_INFINITE_RECURSION = YES;
				CLANG_WARN_INT_CONVERSION = YES;
				CLANG_WARN_NON_LITERAL_NULL_CONVERSION = YES;
				CLANG_WARN_OBJC_IMPLICIT_RETAIN_SELF = YES;
				CLANG_WARN_OBJC_LITERAL_CONVERSION = YES;
				CLANG_WARN_OBJC_ROOT_CLASS = YES_ERROR;
				CLANG_WARN_RANGE_LOOP_ANALYSIS = YES;
				CLANG_WARN_STRICT_PROTOTYPES = YES;
				CLANG_WARN_SUSPICIOUS_MOVE = YES;
				CLANG_WARN_UNGUARDED_AVAILABILITY = YES_AGGRESSIVE;
				CLANG_WARN_UNREACHABLE_CODE = YES;
				CLANG_WARN__DUPLICATE_METHOD_MATCH = YES;
				CODE_SIGN_IDENTITY = "iPhone Developer";
				COPY_PHASE_STRIP = NO;
				DEBUG_INFORMATION_FORMAT = "dwarf-with-dsym";
				ENABLE_NS_ASSERTIONS = NO;
				ENABLE_STRICT_OBJC_MSGSEND = YES;
				GCC_C_LANGUAGE_STANDARD = gnu11;
				GCC_NO_COMMON_BLOCKS = YES;
				GCC_WARN_64_TO_32_BIT_CONVERSION = YES;
				GCC_WARN_ABOUT_RETURN_TYPE = YES_ERROR;
				GCC_WARN_UNDECLARED_SELECTOR = YES;
				GCC_WARN_UNINITIALIZED_AUTOS = YES_AGGRESSIVE;
				GCC_WARN_UNUSED_FUNCTION = YES;
				GCC_WARN_UNUSED_VARIABLE = YES;
				IPHONEOS_DEPLOYMENT_TARGET = 11.4;
				MTL_ENABLE_DEBUG_INFO = NO;
				SDKROOT = iphoneos;
				SWIFT_COMPILATION_MODE = wholemodule;
				SWIFT_OPTIMIZATION_LEVEL = "-O";
				VALIDATE_PRODUCT = YES;
			};
			name = Release;
		};
		F2A1D8BE20CA827D00843E2E /* Debug */ = {
			isa = XCBuildConfiguration;
			buildSettings = {
				ASSETCATALOG_COMPILER_APPICON_NAME = AppIcon;
				CODE_SIGN_STYLE = Automatic;
				INFOPLIST_FILE = XYCyclePagerView/Info.plist;
				LD_RUNPATH_SEARCH_PATHS = (
					"$(inherited)",
					"@executable_path/Frameworks",
				);
				PRODUCT_BUNDLE_IDENTIFIER = "-11.XYCyclePagerView";
				PRODUCT_NAME = "$(TARGET_NAME)";
				SWIFT_VERSION = 4.0;
				TARGETED_DEVICE_FAMILY = "1,2";
			};
			name = Debug;
		};
		F2A1D8BF20CA827D00843E2E /* Release */ = {
			isa = XCBuildConfiguration;
			buildSettings = {
				ASSETCATALOG_COMPILER_APPICON_NAME = AppIcon;
				CODE_SIGN_STYLE = Automatic;
				INFOPLIST_FILE = XYCyclePagerView/Info.plist;
				LD_RUNPATH_SEARCH_PATHS = (
					"$(inherited)",
					"@executable_path/Frameworks",
				);
				PRODUCT_BUNDLE_IDENTIFIER = "-11.XYCyclePagerView";
				PRODUCT_NAME = "$(TARGET_NAME)";
				SWIFT_VERSION = 4.0;
				TARGETED_DEVICE_FAMILY = "1,2";
			};
			name = Release;
		};
/* End XCBuildConfiguration section */

/* Begin XCConfigurationList section */
		F2A1D8A620CA827B00843E2E /* Build configuration list for PBXProject "XYCyclePagerView" */ = {
			isa = XCConfigurationList;
			buildConfigurations = (
				F2A1D8BB20CA827D00843E2E /* Debug */,
				F2A1D8BC20CA827D00843E2E /* Release */,
			);
			defaultConfigurationIsVisible = 0;
			defaultConfigurationName = Release;
		};
		F2A1D8BD20CA827D00843E2E /* Build configuration list for PBXNativeTarget "XYCyclePagerView" */ = {
			isa = XCConfigurationList;
			buildConfigurations = (
				F2A1D8BE20CA827D00843E2E /* Debug */,
				F2A1D8BF20CA827D00843E2E /* Release */,
			);
			defaultConfigurationIsVisible = 0;
			defaultConfigurationName = Release;
		};
/* End XCConfigurationList section */
	};
	rootObject = F2A1D8A320CA827B00843E2E /* Project object */;
}
